
Microsoft Visual Studio Solution File, Format Version 12.00
# Visual Studio Version 16
VisualStudioVersion = 16.0.29021.104
MinimumVisualStudioVersion = 10.0.40219.1
Project("{FAE04EC0-301F-11D3-BF4B-00C04F79EFBC}") = "WPF_Tornado_Chart", "WPF_Tornado_Chart.csproj", "{EA2C92AC-23AE-45F4-95D4-E0C1AC40579B}"
EndProject
Global
	GlobalSection(SolutionConfigurationPlatforms) = preSolution
		Debug|Any CPU = Debug|Any CPU
		Release|Any CPU = Release|Any CPU
	EndGlobalSection
	GlobalSection(ProjectConfigurationPlatforms) = postSolution
		{EA2C92AC-23AE-45F4-95D4-E0C1AC40579B}.Debug|Any CPU.ActiveCfg = Debug|Any CPU
		{EA2C92AC-23AE-45F4-95D4-E0C1AC40579B}.Debug|Any CPU.Build.0 = Debug|Any CPU
		{EA2C92AC-23AE-45F4-95D4-E0C1AC40579B}.Release|Any CPU.ActiveCfg = Release|Any CPU
		{EA2C92AC-23AE-45F4-95D4-E0C1AC40579B}.Release|Any CPU.Build.0 = Release|Any CPU
	EndGlobalSection
	GlobalSection(SolutionProperties) = preSolution
		HideSolutionNode = FALSE
	EndGlobalSection
	GlobalSection(ExtensibilityGlobals) = postSolution
		SolutionGuid = {ACCBFC89-D567-489C-A43A-AD72721A768A}
	EndGlobalSection
EndGlobal
